
Microsoft Visual Studio Solution File, Format Version 12.00
# Visual Studio Version 17
VisualStudioVersion = 17.5.002.0
MinimumVisualStudioVersion = 10.0.40219.1
Project("{9A19103F-16F7-4668-BE54-9A1E7A4F7556}") = "frontendnet", "frontendnet.csproj", "{4253A5ED-2C87-48A4-8BA3-7BCD0B9C6529}"
EndProject
Global
	GlobalSection(SolutionConfigurationPlatforms) = preSolution
		Debug|Any CPU = Debug|Any CPU
		Release|Any CPU = Release|Any CPU
	EndGlobalSection
	GlobalSection(ProjectConfigurationPlatforms) = postSolution
		{4253A5ED-2C87-48A4-8BA3-7BCD0B9C6529}.Debug|Any CPU.ActiveCfg = Debug|Any CPU
		{4253A5ED-2C87-48A4-8BA3-7BCD0B9C6529}.Debug|Any CPU.Build.0 = Debug|Any CPU
		{4253A5ED-2C87-48A4-8BA3-7BCD0B9C6529}.Release|Any CPU.ActiveCfg = Release|Any CPU
		{4253A5ED-2C87-48A4-8BA3-7BCD0B9C6529}.Release|Any CPU.Build.0 = Release|Any CPU
	EndGlobalSection
	GlobalSection(SolutionProperties) = preSolution
		HideSolutionNode = FALSE
	EndGlobalSection
	GlobalSection(ExtensibilityGlobals) = postSolution
		SolutionGuid = {F5AAADEA-5B93-4135-A703-676FBDE1F58E}
	EndGlobalSection
EndGlobal
